{
  "name": "UBS-pearly-city",
  "lockfileVersion": 3,
  "requires": true,
  "packages": {
    "": {
      "dependencies": {
        "lucide-react": "^0.542.0",
        "shadcn-ui": "^0.9.5"
      }
    },
    "node_modules/chalk": {
      "version": "5.6.0",
      "resolved": "https://registry.npmjs.org/chalk/-/chalk-5.6.0.tgz",
      "integrity": "sha512-46QrSQFyVSEyYAgQ22hQ+zDa60YHA4fBstHmtSApj1Y5vKtG27fWowW03jCk5KcbXEWPZUIR894aARCA/G1kfQ==",
      "license": "MIT",
      "engines": {
        "node": "^12.17.0 || ^14.13 || >=16.0.0"
      },
      "funding": {
        "url": "https://github.com/chalk/chalk?sponsor=1"
      }
    },
    "node_modules/lucide-react": {
      "version": "0.542.0",
      "resolved": "https://registry.npmjs.org/lucide-react/-/lucide-react-0.542.0.tgz",
      "integrity": "sha512-w3hD8/SQB7+lzU2r4VdFyzzOzKnUjTZIF/MQJGSSvni7Llewni4vuViRppfRAa2guOsY5k4jZyxw/i9DQHv+dw==",
      "license": "ISC",
      "peerDependencies": {
        "react": "^16.5.1 || ^17.0.0 || ^18.0.0 || ^19.0.0"
      }
    },
    "node_modules/react": {
      "version": "19.1.1",
      "resolved": "https://registry.npmjs.org/react/-/react-19.1.1.tgz",
      "integrity": "sha512-w8nqGImo45dmMIfljjMwOGtbmC/mk4CMYhWIicdSflH91J9TyCyczcPFXJzrZ/ZXcgGRFeP6BU0BEJTw6tZdfQ==",
      "license": "MIT",
      "peer": true,
      "engines": {
        "node": ">=0.10.0"
      }
    },
    "node_modules/shadcn-ui": {
      "version": "0.9.5",
      "resolved": "https://registry.npmjs.org/shadcn-ui/-/shadcn-ui-0.9.5.tgz",
      "integrity": "sha512-dsBQWpdLLYCdSdmvOmu53nJhhWnQD1OiblhuhkI4rPYxPKTyfbmZ2NTJHWMu1fXN9PTfN6IVK5vvh+BrjHJx2g==",
      "license": "MIT",
      "dependencies": {
        "chalk": "^5.4.1"
      },
      "bin": {
        "shadcn-ui": "dist/index.js"
      }
    }
  }
}
